
Microsoft Visual Studio Solution File, Format Version 12.00
# Visual Studio Version 18
VisualStudioVersion = 18.3.11520.95
MinimumVisualStudioVersion = 10.0.40219.1
Project("{FAE04EC0-301F-11D3-BF4B-00C04F79EFBC}") = "VT03Builder", "VT03Builder.csproj", "{842066F4-A822-4B78-970C-B1CEB8D76BBB}"
EndProject
Project("{FAE04EC0-301F-11D3-BF4B-00C04F79EFBC}") = "VT03Builder.Tests", "test\VT03Builder.Tests.csproj", "{F611E0CF-6A21-2FCE-D70A-6BF7193A07B6}"
EndProject
Global
	GlobalSection(SolutionConfigurationPlatforms) = preSolution
		Debug|Any CPU = Debug|Any CPU
		Release|Any CPU = Release|Any CPU
	EndGlobalSection
	GlobalSection(ProjectConfigurationPlatforms) = postSolution
		{842066F4-A822-4B78-970C-B1CEB8D76BBB}.Debug|Any CPU.ActiveCfg = Debug|Any CPU
		{842066F4-A822-4B78-970C-B1CEB8D76BBB}.Debug|Any CPU.Build.0 = Debug|Any CPU
		{842066F4-A822-4B78-970C-B1CEB8D76BBB}.Release|Any CPU.ActiveCfg = Release|Any CPU
		{842066F4-A822-4B78-970C-B1CEB8D76BBB}.Release|Any CPU.Build.0 = Release|Any CPU
		{F611E0CF-6A21-2FCE-D70A-6BF7193A07B6}.Debug|Any CPU.ActiveCfg = Debug|Any CPU
		{F611E0CF-6A21-2FCE-D70A-6BF7193A07B6}.Debug|Any CPU.Build.0 = Debug|Any CPU
		{F611E0CF-6A21-2FCE-D70A-6BF7193A07B6}.Release|Any CPU.ActiveCfg = Release|Any CPU
		{F611E0CF-6A21-2FCE-D70A-6BF7193A07B6}.Release|Any CPU.Build.0 = Release|Any CPU
	EndGlobalSection
	GlobalSection(SolutionProperties) = preSolution
		HideSolutionNode = FALSE
	EndGlobalSection
	GlobalSection(ExtensibilityGlobals) = postSolution
		SolutionGuid = {6341893F-59B8-4B30-8B86-768384173364}
	EndGlobalSection
EndGlobal
